{
  "version": 4,
  "terraform_version": "1.5.4",
  "serial": 117,
  "lineage": "30027ae7-1e5f-d1ae-2515-6736eafc9d24",
  "outputs": {
    "pet-name": {
      "value": "Mr.distinctly.nicely.partly.distinctly.exotic.mouse",
      "type": "string"
    },
    "pet-name1": {
      "value": "Mrs.legally.literally.severely.loudly.supreme.filly",
      "type": "string"
    },
    "pets": {
      "value": {
        "C:\\tf\\pets.txt": {
          "content": "My favorite pet is Mr.distinctly.nicely.partly.distinctly.exotic.mouse",
          "content_base64": null,
          "content_base64sha256": "2J1ST/mcU9QabRGjmOiGv8+yjmpf3XaQsJbNWcAIqU4=",
          "content_base64sha512": "ZyM5ixHFYogMFgw/Cy4kloH6IIuFfNavE2GE+ycEBioqkLgJwx6I2PQXgHaCys9kPeV19eHUIDbqfgPHDE/u9g==",
          "content_md5": "b00969c6198c79a3639084d871f5eca1",
          "content_sha1": "e7f8c58ba04740aa2b33ec607955c4c3bf2a45ca",
          "content_sha256": "d89d524ff99c53d41a6d11a398e886bfcfb28e6a5fdd7690b096cd59c008a94e",
          "content_sha512": "6723398b11c562880c160c3f0b2e249681fa208b857cd6af136184fb2704062a2a90b809c31e88d8f417807682cacf643de575f5e1d42036ea7e03c70c4feef6",
          "directory_permission": "0777",
          "file_permission": "0777",
          "filename": "C:\\tf\\pets.txt",
          "id": "e7f8c58ba04740aa2b33ec607955c4c3bf2a45ca",
          "sensitive_content": null,
          "source": null
        },
        "C:\\tf\\pets1.txt": {
          "content": "My favorite pet is Mr.distinctly.nicely.partly.distinctly.exotic.mouse",
          "content_base64": null,
          "content_base64sha256": "2J1ST/mcU9QabRGjmOiGv8+yjmpf3XaQsJbNWcAIqU4=",
          "content_base64sha512": "ZyM5ixHFYogMFgw/Cy4kloH6IIuFfNavE2GE+ycEBioqkLgJwx6I2PQXgHaCys9kPeV19eHUIDbqfgPHDE/u9g==",
          "content_md5": "b00969c6198c79a3639084d871f5eca1",
          "content_sha1": "e7f8c58ba04740aa2b33ec607955c4c3bf2a45ca",
          "content_sha256": "d89d524ff99c53d41a6d11a398e886bfcfb28e6a5fdd7690b096cd59c008a94e",
          "content_sha512": "6723398b11c562880c160c3f0b2e249681fa208b857cd6af136184fb2704062a2a90b809c31e88d8f417807682cacf643de575f5e1d42036ea7e03c70c4feef6",
          "directory_permission": "0777",
          "file_permission": "0777",
          "filename": "C:\\tf\\pets1.txt",
          "id": "e7f8c58ba04740aa2b33ec607955c4c3bf2a45ca",
          "sensitive_content": null,
          "source": null
        },
        "C:\\tf\\pets10.txt": {
          "content": "My favorite pet is Mr.distinctly.nicely.partly.distinctly.exotic.mouse",
          "content_base64": null,
          "content_base64sha256": "2J1ST/mcU9QabRGjmOiGv8+yjmpf3XaQsJbNWcAIqU4=",
          "content_base64sha512": "ZyM5ixHFYogMFgw/Cy4kloH6IIuFfNavE2GE+ycEBioqkLgJwx6I2PQXgHaCys9kPeV19eHUIDbqfgPHDE/u9g==",
          "content_md5": "b00969c6198c79a3639084d871f5eca1",
          "content_sha1": "e7f8c58ba04740aa2b33ec607955c4c3bf2a45ca",
          "content_sha256": "d89d524ff99c53d41a6d11a398e886bfcfb28e6a5fdd7690b096cd59c008a94e",
          "content_sha512": "6723398b11c562880c160c3f0b2e249681fa208b857cd6af136184fb2704062a2a90b809c31e88d8f417807682cacf643de575f5e1d42036ea7e03c70c4feef6",
          "directory_permission": "0777",
          "file_permission": "0777",
          "filename": "C:\\tf\\pets10.txt",
          "id": "e7f8c58ba04740aa2b33ec607955c4c3bf2a45ca",
          "sensitive_content": null,
          "source": null
        },
        "C:\\tf\\pets2.txt": {
          "content": "My favorite pet is Mr.distinctly.nicely.partly.distinctly.exotic.mouse",
          "content_base64": null,
          "content_base64sha256": "2J1ST/mcU9QabRGjmOiGv8+yjmpf3XaQsJbNWcAIqU4=",
          "content_base64sha512": "ZyM5ixHFYogMFgw/Cy4kloH6IIuFfNavE2GE+ycEBioqkLgJwx6I2PQXgHaCys9kPeV19eHUIDbqfgPHDE/u9g==",
          "content_md5": "b00969c6198c79a3639084d871f5eca1",
          "content_sha1": "e7f8c58ba04740aa2b33ec607955c4c3bf2a45ca",
          "content_sha256": "d89d524ff99c53d41a6d11a398e886bfcfb28e6a5fdd7690b096cd59c008a94e",
          "content_sha512": "6723398b11c562880c160c3f0b2e249681fa208b857cd6af136184fb2704062a2a90b809c31e88d8f417807682cacf643de575f5e1d42036ea7e03c70c4feef6",
          "directory_permission": "0777",
          "file_permission": "0777",
          "filename": "C:\\tf\\pets2.txt",
          "id": "e7f8c58ba04740aa2b33ec607955c4c3bf2a45ca",
          "sensitive_content": null,
          "source": null
        },
        "C:\\tf\\pets3.txt": {
          "content": "My favorite pet is Mr.distinctly.nicely.partly.distinctly.exotic.mouse",
          "content_base64": null,
          "content_base64sha256": "2J1ST/mcU9QabRGjmOiGv8+yjmpf3XaQsJbNWcAIqU4=",
          "content_base64sha512": "ZyM5ixHFYogMFgw/Cy4kloH6IIuFfNavE2GE+ycEBioqkLgJwx6I2PQXgHaCys9kPeV19eHUIDbqfgPHDE/u9g==",
          "content_md5": "b00969c6198c79a3639084d871f5eca1",
          "content_sha1": "e7f8c58ba04740aa2b33ec607955c4c3bf2a45ca",
          "content_sha256": "d89d524ff99c53d41a6d11a398e886bfcfb28e6a5fdd7690b096cd59c008a94e",
          "content_sha512": "6723398b11c562880c160c3f0b2e249681fa208b857cd6af136184fb2704062a2a90b809c31e88d8f417807682cacf643de575f5e1d42036ea7e03c70c4feef6",
          "directory_permission": "0777",
          "file_permission": "0777",
          "filename": "C:\\tf\\pets3.txt",
          "id": "e7f8c58ba04740aa2b33ec607955c4c3bf2a45ca",
          "sensitive_content": null,
          "source": null
        },
        "C:\\tf\\pets4.txt": {
          "content": "My favorite pet is Mr.distinctly.nicely.partly.distinctly.exotic.mouse",
          "content_base64": null,
          "content_base64sha256": "2J1ST/mcU9QabRGjmOiGv8+yjmpf3XaQsJbNWcAIqU4=",
          "content_base64sha512": "ZyM5ixHFYogMFgw/Cy4kloH6IIuFfNavE2GE+ycEBioqkLgJwx6I2PQXgHaCys9kPeV19eHUIDbqfgPHDE/u9g==",
          "content_md5": "b00969c6198c79a3639084d871f5eca1",
          "content_sha1": "e7f8c58ba04740aa2b33ec607955c4c3bf2a45ca",
          "content_sha256": "d89d524ff99c53d41a6d11a398e886bfcfb28e6a5fdd7690b096cd59c008a94e",
          "content_sha512": "6723398b11c562880c160c3f0b2e249681fa208b857cd6af136184fb2704062a2a90b809c31e88d8f417807682cacf643de575f5e1d42036ea7e03c70c4feef6",
          "directory_permission": "0777",
          "file_permission": "0777",
          "filename": "C:\\tf\\pets4.txt",
          "id": "e7f8c58ba04740aa2b33ec607955c4c3bf2a45ca",
          "sensitive_content": null,
          "source": null
        },
        "C:\\tf\\pets5.txt": {
          "content": "My favorite pet is Mr.distinctly.nicely.partly.distinctly.exotic.mouse",
          "content_base64": null,
          "content_base64sha256": "2J1ST/mcU9QabRGjmOiGv8+yjmpf3XaQsJbNWcAIqU4=",
          "content_base64sha512": "ZyM5ixHFYogMFgw/Cy4kloH6IIuFfNavE2GE+ycEBioqkLgJwx6I2PQXgHaCys9kPeV19eHUIDbqfgPHDE/u9g==",
          "content_md5": "b00969c6198c79a3639084d871f5eca1",
          "content_sha1": "e7f8c58ba04740aa2b33ec607955c4c3bf2a45ca",
          "content_sha256": "d89d524ff99c53d41a6d11a398e886bfcfb28e6a5fdd7690b096cd59c008a94e",
          "content_sha512": "6723398b11c562880c160c3f0b2e249681fa208b857cd6af136184fb2704062a2a90b809c31e88d8f417807682cacf643de575f5e1d42036ea7e03c70c4feef6",
          "directory_permission": "0777",
          "file_permission": "0777",
          "filename": "C:\\tf\\pets5.txt",
          "id": "e7f8c58ba04740aa2b33ec607955c4c3bf2a45ca",
          "sensitive_content": null,
          "source": null
        },
        "C:\\tf\\pets6.txt": {
          "content": "My favorite pet is Mr.distinctly.nicely.partly.distinctly.exotic.mouse",
          "content_base64": null,
          "content_base64sha256": "2J1ST/mcU9QabRGjmOiGv8+yjmpf3XaQsJbNWcAIqU4=",
          "content_base64sha512": "ZyM5ixHFYogMFgw/Cy4kloH6IIuFfNavE2GE+ycEBioqkLgJwx6I2PQXgHaCys9kPeV19eHUIDbqfgPHDE/u9g==",
          "content_md5": "b00969c6198c79a3639084d871f5eca1",
          "content_sha1": "e7f8c58ba04740aa2b33ec607955c4c3bf2a45ca",
          "content_sha256": "d89d524ff99c53d41a6d11a398e886bfcfb28e6a5fdd7690b096cd59c008a94e",
          "content_sha512": "6723398b11c562880c160c3f0b2e249681fa208b857cd6af136184fb2704062a2a90b809c31e88d8f417807682cacf643de575f5e1d42036ea7e03c70c4feef6",
          "directory_permission": "0777",
          "file_permission": "0777",
          "filename": "C:\\tf\\pets6.txt",
          "id": "e7f8c58ba04740aa2b33ec607955c4c3bf2a45ca",
          "sensitive_content": null,
          "source": null
        },
        "C:\\tf\\pets7.txt": {
          "content": "My favorite pet is Mr.distinctly.nicely.partly.distinctly.exotic.mouse",
          "content_base64": null,
          "content_base64sha256": "2J1ST/mcU9QabRGjmOiGv8+yjmpf3XaQsJbNWcAIqU4=",
          "content_base64sha512": "ZyM5ixHFYogMFgw/Cy4kloH6IIuFfNavE2GE+ycEBioqkLgJwx6I2PQXgHaCys9kPeV19eHUIDbqfgPHDE/u9g==",
          "content_md5": "b00969c6198c79a3639084d871f5eca1",
          "content_sha1": "e7f8c58ba04740aa2b33ec607955c4c3bf2a45ca",
          "content_sha256": "d89d524ff99c53d41a6d11a398e886bfcfb28e6a5fdd7690b096cd59c008a94e",
          "content_sha512": "6723398b11c562880c160c3f0b2e249681fa208b857cd6af136184fb2704062a2a90b809c31e88d8f417807682cacf643de575f5e1d42036ea7e03c70c4feef6",
          "directory_permission": "0777",
          "file_permission": "0777",
          "filename": "C:\\tf\\pets7.txt",
          "id": "e7f8c58ba04740aa2b33ec607955c4c3bf2a45ca",
          "sensitive_content": null,
          "source": null
        },
        "C:\\tf\\pets8.txt": {
          "content": "My favorite pet is Mr.distinctly.nicely.partly.distinctly.exotic.mouse",
          "content_base64": null,
          "content_base64sha256": "2J1ST/mcU9QabRGjmOiGv8+yjmpf3XaQsJbNWcAIqU4=",
          "content_base64sha512": "ZyM5ixHFYogMFgw/Cy4kloH6IIuFfNavE2GE+ycEBioqkLgJwx6I2PQXgHaCys9kPeV19eHUIDbqfgPHDE/u9g==",
          "content_md5": "b00969c6198c79a3639084d871f5eca1",
          "content_sha1": "e7f8c58ba04740aa2b33ec607955c4c3bf2a45ca",
          "content_sha256": "d89d524ff99c53d41a6d11a398e886bfcfb28e6a5fdd7690b096cd59c008a94e",
          "content_sha512": "6723398b11c562880c160c3f0b2e249681fa208b857cd6af136184fb2704062a2a90b809c31e88d8f417807682cacf643de575f5e1d42036ea7e03c70c4feef6",
          "directory_permission": "0777",
          "file_permission": "0777",
          "filename": "C:\\tf\\pets8.txt",
          "id": "e7f8c58ba04740aa2b33ec607955c4c3bf2a45ca",
          "sensitive_content": null,
          "source": null
        },
        "C:\\tf\\pets9.txt": {
          "content": "My favorite pet is Mr.distinctly.nicely.partly.distinctly.exotic.mouse",
          "content_base64": null,
          "content_base64sha256": "2J1ST/mcU9QabRGjmOiGv8+yjmpf3XaQsJbNWcAIqU4=",
          "content_base64sha512": "ZyM5ixHFYogMFgw/Cy4kloH6IIuFfNavE2GE+ycEBioqkLgJwx6I2PQXgHaCys9kPeV19eHUIDbqfgPHDE/u9g==",
          "content_md5": "b00969c6198c79a3639084d871f5eca1",
          "content_sha1": "e7f8c58ba04740aa2b33ec607955c4c3bf2a45ca",
          "content_sha256": "d89d524ff99c53d41a6d11a398e886bfcfb28e6a5fdd7690b096cd59c008a94e",
          "content_sha512": "6723398b11c562880c160c3f0b2e249681fa208b857cd6af136184fb2704062a2a90b809c31e88d8f417807682cacf643de575f5e1d42036ea7e03c70c4feef6",
          "directory_permission": "0777",
          "file_permission": "0777",
          "filename": "C:\\tf\\pets9.txt",
          "id": "e7f8c58ba04740aa2b33ec607955c4c3bf2a45ca",
          "sensitive_content": null,
          "source": null
        }
      },
      "type": [
        "object",
        {
          "C:\\tf\\pets.txt": [
            "object",
            {
              "content": "string",
              "content_base64": "string",
              "content_base64sha256": "string",
              "content_base64sha512": "string",
              "content_md5": "string",
              "content_sha1": "string",
              "content_sha256": "string",
              "content_sha512": "string",
              "directory_permission": "string",
              "file_permission": "string",
              "filename": "string",
              "id": "string",
              "sensitive_content": "string",
              "source": "string"
            }
          ],
          "C:\\tf\\pets1.txt": [
            "object",
            {
              "content": "string",
              "content_base64": "string",
              "content_base64sha256": "string",
              "content_base64sha512": "string",
              "content_md5": "string",
              "content_sha1": "string",
              "content_sha256": "string",
              "content_sha512": "string",
              "directory_permission": "string",
              "file_permission": "string",
              "filename": "string",
              "id": "string",
              "sensitive_content": "string",
              "source": "string"
            }
          ],
          "C:\\tf\\pets10.txt": [
            "object",
            {
              "content": "string",
              "content_base64": "string",
              "content_base64sha256": "string",
              "content_base64sha512": "string",
              "content_md5": "string",
              "content_sha1": "string",
              "content_sha256": "string",
              "content_sha512": "string",
              "directory_permission": "string",
              "file_permission": "string",
              "filename": "string",
              "id": "string",
              "sensitive_content": "string",
              "source": "string"
            }
          ],
          "C:\\tf\\pets2.txt": [
            "object",
            {
              "content": "string",
              "content_base64": "string",
              "content_base64sha256": "string",
              "content_base64sha512": "string",
              "content_md5": "string",
              "content_sha1": "string",
              "content_sha256": "string",
              "content_sha512": "string",
              "directory_permission": "string",
              "file_permission": "string",
              "filename": "string",
              "id": "string",
              "sensitive_content": "string",
              "source": "string"
            }
          ],
          "C:\\tf\\pets3.txt": [
            "object",
            {
              "content": "string",
              "content_base64": "string",
              "content_base64sha256": "string",
              "content_base64sha512": "string",
              "content_md5": "string",
              "content_sha1": "string",
              "content_sha256": "string",
              "content_sha512": "string",
              "directory_permission": "string",
              "file_permission": "string",
              "filename": "string",
              "id": "string",
              "sensitive_content": "string",
              "source": "string"
            }
          ],
          "C:\\tf\\pets4.txt": [
            "object",
            {
              "content": "string",
              "content_base64": "string",
              "content_base64sha256": "string",
              "content_base64sha512": "string",
              "content_md5": "string",
              "content_sha1": "string",
              "content_sha256": "string",
              "content_sha512": "string",
              "directory_permission": "string",
              "file_permission": "string",
              "filename": "string",
              "id": "string",
              "sensitive_content": "string",
              "source": "string"
            }
          ],
          "C:\\tf\\pets5.txt": [
            "object",
            {
              "content": "string",
              "content_base64": "string",
              "content_base64sha256": "string",
              "content_base64sha512": "string",
              "content_md5": "string",
              "content_sha1": "string",
              "content_sha256": "string",
              "content_sha512": "string",
              "directory_permission": "string",
              "file_permission": "string",
              "filename": "string",
              "id": "string",
              "sensitive_content": "string",
              "source": "string"
            }
          ],
          "C:\\tf\\pets6.txt": [
            "object",
            {
              "content": "string",
              "content_base64": "string",
              "content_base64sha256": "string",
              "content_base64sha512": "string",
              "content_md5": "string",
              "content_sha1": "string",
              "content_sha256": "string",
              "content_sha512": "string",
              "directory_permission": "string",
              "file_permission": "string",
              "filename": "string",
              "id": "string",
              "sensitive_content": "string",
              "source": "string"
            }
          ],
          "C:\\tf\\pets7.txt": [
            "object",
            {
              "content": "string",
              "content_base64": "string",
              "content_base64sha256": "string",
              "content_base64sha512": "string",
              "content_md5": "string",
              "content_sha1": "string",
              "content_sha256": "string",
              "content_sha512": "string",
              "directory_permission": "string",
              "file_permission": "string",
              "filename": "string",
              "id": "string",
              "sensitive_content": "string",
              "source": "string"
            }
          ],
          "C:\\tf\\pets8.txt": [
            "object",
            {
              "content": "string",
              "content_base64": "string",
              "content_base64sha256": "string",
              "content_base64sha512": "string",
              "content_md5": "string",
              "content_sha1": "string",
              "content_sha256": "string",
              "content_sha512": "string",
              "directory_permission": "string",
              "file_permission": "string",
              "filename": "string",
              "id": "string",
              "sensitive_content": "string",
              "source": "string"
            }
          ],
          "C:\\tf\\pets9.txt": [
            "object",
            {
              "content": "string",
              "content_base64": "string",
              "content_base64sha256": "string",
              "content_base64sha512": "string",
              "content_md5": "string",
              "content_sha1": "string",
              "content_sha256": "string",
              "content_sha512": "string",
              "directory_permission": "string",
              "file_permission": "string",
              "filename": "string",
              "id": "string",
              "sensitive_content": "string",
              "source": "string"
            }
          ]
        }
      ],
      "sensitive": true
    }
  },
  "resources": [
    {
      "mode": "data",
      "type": "local_file",
      "name": "dog",
      "provider": "provider[\"registry.terraform.io/hashicorp/local\"]",
      "instances": [
        {
          "schema_version": 0,
          "attributes": {
            "content": "I love my dog!",
            "content_base64": "SSBsb3ZlIG15IGRvZyE=",
            "content_base64sha256": "CmlbuxR+Y4hB86JIXoQ5WtNoH+4Y0UCAb9LJOeLNxOU=",
            "content_base64sha512": "eMvCj1ldPKybnQ3iqsOf4p7b60IcPtY9JtVm1GAGv6A5FsT+rZaqZcdxR26/mXB2Q7zHJS73EMJ32clJyQD+Kg==",
            "content_md5": "085adeb2cf9cf72bcc6b2beb9620f698",
            "content_sha1": "885fc20274fb47600b96ce538791b032ef1626c7",
            "content_sha256": "0a695bbb147e638841f3a2485e84395ad3681fee18d140806fd2c939e2cdc4e5",
            "content_sha512": "78cbc28f595d3cac9b9d0de2aac39fe29edbeb421c3ed63d26d566d46006bfa03916c4fead96aa65c771476ebf99707643bcc7252ef710c277d9c949c900fe2a",
            "filename": "C:\\tf\\data\\dog.txt",
            "id": "885fc20274fb47600b96ce538791b032ef1626c7"
          },
          "sensitive_attributes": []
        }
      ]
    },
    {
      "mode": "managed",
      "type": "local_file",
      "name": "pet",
      "provider": "provider[\"registry.terraform.io/hashicorp/local\"]",
      "instances": [
        {
          "index_key": "C:\\tf\\pets.txt",
          "schema_version": 0,
          "attributes": {
            "content": "My favorite pet is Mr.distinctly.nicely.partly.distinctly.exotic.mouse",
            "content_base64": null,
            "content_base64sha256": "2J1ST/mcU9QabRGjmOiGv8+yjmpf3XaQsJbNWcAIqU4=",
            "content_base64sha512": "ZyM5ixHFYogMFgw/Cy4kloH6IIuFfNavE2GE+ycEBioqkLgJwx6I2PQXgHaCys9kPeV19eHUIDbqfgPHDE/u9g==",
            "content_md5": "b00969c6198c79a3639084d871f5eca1",
            "content_sha1": "e7f8c58ba04740aa2b33ec607955c4c3bf2a45ca",
            "content_sha256": "d89d524ff99c53d41a6d11a398e886bfcfb28e6a5fdd7690b096cd59c008a94e",
            "content_sha512": "6723398b11c562880c160c3f0b2e249681fa208b857cd6af136184fb2704062a2a90b809c31e88d8f417807682cacf643de575f5e1d42036ea7e03c70c4feef6",
            "directory_permission": "0777",
            "file_permission": "0777",
            "filename": "C:\\tf\\pets.txt",
            "id": "e7f8c58ba04740aa2b33ec607955c4c3bf2a45ca",
            "sensitive_content": null,
            "source": null
          },
          "sensitive_attributes": [],
          "dependencies": [
            "random_pet.my-pet"
          ],
          "create_before_destroy": true
        },
        {
          "index_key": "C:\\tf\\pets1.txt",
          "schema_version": 0,
          "attributes": {
            "content": "My favorite pet is Mr.distinctly.nicely.partly.distinctly.exotic.mouse",
            "content_base64": null,
            "content_base64sha256": "2J1ST/mcU9QabRGjmOiGv8+yjmpf3XaQsJbNWcAIqU4=",
            "content_base64sha512": "ZyM5ixHFYogMFgw/Cy4kloH6IIuFfNavE2GE+ycEBioqkLgJwx6I2PQXgHaCys9kPeV19eHUIDbqfgPHDE/u9g==",
            "content_md5": "b00969c6198c79a3639084d871f5eca1",
            "content_sha1": "e7f8c58ba04740aa2b33ec607955c4c3bf2a45ca",
            "content_sha256": "d89d524ff99c53d41a6d11a398e886bfcfb28e6a5fdd7690b096cd59c008a94e",
            "content_sha512": "6723398b11c562880c160c3f0b2e249681fa208b857cd6af136184fb2704062a2a90b809c31e88d8f417807682cacf643de575f5e1d42036ea7e03c70c4feef6",
            "directory_permission": "0777",
            "file_permission": "0777",
            "filename": "C:\\tf\\pets1.txt",
            "id": "e7f8c58ba04740aa2b33ec607955c4c3bf2a45ca",
            "sensitive_content": null,
            "source": null
          },
          "sensitive_attributes": [],
          "dependencies": [
            "random_pet.my-pet"
          ],
          "create_before_destroy": true
        },
        {
          "index_key": "C:\\tf\\pets10.txt",
          "schema_version": 0,
          "attributes": {
            "content": "My favorite pet is Mr.distinctly.nicely.partly.distinctly.exotic.mouse",
            "content_base64": null,
            "content_base64sha256": "2J1ST/mcU9QabRGjmOiGv8+yjmpf3XaQsJbNWcAIqU4=",
            "content_base64sha512": "ZyM5ixHFYogMFgw/Cy4kloH6IIuFfNavE2GE+ycEBioqkLgJwx6I2PQXgHaCys9kPeV19eHUIDbqfgPHDE/u9g==",
            "content_md5": "b00969c6198c79a3639084d871f5eca1",
            "content_sha1": "e7f8c58ba04740aa2b33ec607955c4c3bf2a45ca",
            "content_sha256": "d89d524ff99c53d41a6d11a398e886bfcfb28e6a5fdd7690b096cd59c008a94e",
            "content_sha512": "6723398b11c562880c160c3f0b2e249681fa208b857cd6af136184fb2704062a2a90b809c31e88d8f417807682cacf643de575f5e1d42036ea7e03c70c4feef6",
            "directory_permission": "0777",
            "file_permission": "0777",
            "filename": "C:\\tf\\pets10.txt",
            "id": "e7f8c58ba04740aa2b33ec607955c4c3bf2a45ca",
            "sensitive_content": null,
            "source": null
          },
          "sensitive_attributes": [],
          "dependencies": [
            "random_pet.my-pet"
          ],
          "create_before_destroy": true
        },
        {
          "index_key": "C:\\tf\\pets2.txt",
          "schema_version": 0,
          "attributes": {
            "content": "My favorite pet is Mr.distinctly.nicely.partly.distinctly.exotic.mouse",
            "content_base64": null,
            "content_base64sha256": "2J1ST/mcU9QabRGjmOiGv8+yjmpf3XaQsJbNWcAIqU4=",
            "content_base64sha512": "ZyM5ixHFYogMFgw/Cy4kloH6IIuFfNavE2GE+ycEBioqkLgJwx6I2PQXgHaCys9kPeV19eHUIDbqfgPHDE/u9g==",
            "content_md5": "b00969c6198c79a3639084d871f5eca1",
            "content_sha1": "e7f8c58ba04740aa2b33ec607955c4c3bf2a45ca",
            "content_sha256": "d89d524ff99c53d41a6d11a398e886bfcfb28e6a5fdd7690b096cd59c008a94e",
            "content_sha512": "6723398b11c562880c160c3f0b2e249681fa208b857cd6af136184fb2704062a2a90b809c31e88d8f417807682cacf643de575f5e1d42036ea7e03c70c4feef6",
            "directory_permission": "0777",
            "file_permission": "0777",
            "filename": "C:\\tf\\pets2.txt",
            "id": "e7f8c58ba04740aa2b33ec607955c4c3bf2a45ca",
            "sensitive_content": null,
            "source": null
          },
          "sensitive_attributes": [],
          "dependencies": [
            "random_pet.my-pet"
          ],
          "create_before_destroy": true
        },
        {
          "index_key": "C:\\tf\\pets3.txt",
          "schema_version": 0,
          "attributes": {
            "content": "My favorite pet is Mr.distinctly.nicely.partly.distinctly.exotic.mouse",
            "content_base64": null,
            "content_base64sha256": "2J1ST/mcU9QabRGjmOiGv8+yjmpf3XaQsJbNWcAIqU4=",
            "content_base64sha512": "ZyM5ixHFYogMFgw/Cy4kloH6IIuFfNavE2GE+ycEBioqkLgJwx6I2PQXgHaCys9kPeV19eHUIDbqfgPHDE/u9g==",
            "content_md5": "b00969c6198c79a3639084d871f5eca1",
            "content_sha1": "e7f8c58ba04740aa2b33ec607955c4c3bf2a45ca",
            "content_sha256": "d89d524ff99c53d41a6d11a398e886bfcfb28e6a5fdd7690b096cd59c008a94e",
            "content_sha512": "6723398b11c562880c160c3f0b2e249681fa208b857cd6af136184fb2704062a2a90b809c31e88d8f417807682cacf643de575f5e1d42036ea7e03c70c4feef6",
            "directory_permission": "0777",
            "file_permission": "0777",
            "filename": "C:\\tf\\pets3.txt",
            "id": "e7f8c58ba04740aa2b33ec607955c4c3bf2a45ca",
            "sensitive_content": null,
            "source": null
          },
          "sensitive_attributes": [],
          "dependencies": [
            "random_pet.my-pet"
          ],
          "create_before_destroy": true
        },
        {
          "index_key": "C:\\tf\\pets4.txt",
          "schema_version": 0,
          "attributes": {
            "content": "My favorite pet is Mr.distinctly.nicely.partly.distinctly.exotic.mouse",
            "content_base64": null,
            "content_base64sha256": "2J1ST/mcU9QabRGjmOiGv8+yjmpf3XaQsJbNWcAIqU4=",
            "content_base64sha512": "ZyM5ixHFYogMFgw/Cy4kloH6IIuFfNavE2GE+ycEBioqkLgJwx6I2PQXgHaCys9kPeV19eHUIDbqfgPHDE/u9g==",
            "content_md5": "b00969c6198c79a3639084d871f5eca1",
            "content_sha1": "e7f8c58ba04740aa2b33ec607955c4c3bf2a45ca",
            "content_sha256": "d89d524ff99c53d41a6d11a398e886bfcfb28e6a5fdd7690b096cd59c008a94e",
            "content_sha512": "6723398b11c562880c160c3f0b2e249681fa208b857cd6af136184fb2704062a2a90b809c31e88d8f417807682cacf643de575f5e1d42036ea7e03c70c4feef6",
            "directory_permission": "0777",
            "file_permission": "0777",
            "filename": "C:\\tf\\pets4.txt",
            "id": "e7f8c58ba04740aa2b33ec607955c4c3bf2a45ca",
            "sensitive_content": null,
            "source": null
          },
          "sensitive_attributes": [],
          "dependencies": [
            "random_pet.my-pet"
          ],
          "create_before_destroy": true
        },
        {
          "index_key": "C:\\tf\\pets5.txt",
          "schema_version": 0,
          "attributes": {
            "content": "My favorite pet is Mr.distinctly.nicely.partly.distinctly.exotic.mouse",
            "content_base64": null,
            "content_base64sha256": "2J1ST/mcU9QabRGjmOiGv8+yjmpf3XaQsJbNWcAIqU4=",
            "content_base64sha512": "ZyM5ixHFYogMFgw/Cy4kloH6IIuFfNavE2GE+ycEBioqkLgJwx6I2PQXgHaCys9kPeV19eHUIDbqfgPHDE/u9g==",
            "content_md5": "b00969c6198c79a3639084d871f5eca1",
            "content_sha1": "e7f8c58ba04740aa2b33ec607955c4c3bf2a45ca",
            "content_sha256": "d89d524ff99c53d41a6d11a398e886bfcfb28e6a5fdd7690b096cd59c008a94e",
            "content_sha512": "6723398b11c562880c160c3f0b2e249681fa208b857cd6af136184fb2704062a2a90b809c31e88d8f417807682cacf643de575f5e1d42036ea7e03c70c4feef6",
            "directory_permission": "0777",
            "file_permission": "0777",
            "filename": "C:\\tf\\pets5.txt",
            "id": "e7f8c58ba04740aa2b33ec607955c4c3bf2a45ca",
            "sensitive_content": null,
            "source": null
          },
          "sensitive_attributes": [],
          "dependencies": [
            "random_pet.my-pet"
          ],
          "create_before_destroy": true
        },
        {
          "index_key": "C:\\tf\\pets6.txt",
          "schema_version": 0,
          "attributes": {
            "content": "My favorite pet is Mr.distinctly.nicely.partly.distinctly.exotic.mouse",
            "content_base64": null,
            "content_base64sha256": "2J1ST/mcU9QabRGjmOiGv8+yjmpf3XaQsJbNWcAIqU4=",
            "content_base64sha512": "ZyM5ixHFYogMFgw/Cy4kloH6IIuFfNavE2GE+ycEBioqkLgJwx6I2PQXgHaCys9kPeV19eHUIDbqfgPHDE/u9g==",
            "content_md5": "b00969c6198c79a3639084d871f5eca1",
            "content_sha1": "e7f8c58ba04740aa2b33ec607955c4c3bf2a45ca",
            "content_sha256": "d89d524ff99c53d41a6d11a398e886bfcfb28e6a5fdd7690b096cd59c008a94e",
            "content_sha512": "6723398b11c562880c160c3f0b2e249681fa208b857cd6af136184fb2704062a2a90b809c31e88d8f417807682cacf643de575f5e1d42036ea7e03c70c4feef6",
            "directory_permission": "0777",
            "file_permission": "0777",
            "filename": "C:\\tf\\pets6.txt",
            "id": "e7f8c58ba04740aa2b33ec607955c4c3bf2a45ca",
            "sensitive_content": null,
            "source": null
          },
          "sensitive_attributes": [],
          "dependencies": [
            "random_pet.my-pet"
          ],
          "create_before_destroy": true
        },
        {
          "index_key": "C:\\tf\\pets7.txt",
          "schema_version": 0,
          "attributes": {
            "content": "My favorite pet is Mr.distinctly.nicely.partly.distinctly.exotic.mouse",
            "content_base64": null,
            "content_base64sha256": "2J1ST/mcU9QabRGjmOiGv8+yjmpf3XaQsJbNWcAIqU4=",
            "content_base64sha512": "ZyM5ixHFYogMFgw/Cy4kloH6IIuFfNavE2GE+ycEBioqkLgJwx6I2PQXgHaCys9kPeV19eHUIDbqfgPHDE/u9g==",
            "content_md5": "b00969c6198c79a3639084d871f5eca1",
            "content_sha1": "e7f8c58ba04740aa2b33ec607955c4c3bf2a45ca",
            "content_sha256": "d89d524ff99c53d41a6d11a398e886bfcfb28e6a5fdd7690b096cd59c008a94e",
            "content_sha512": "6723398b11c562880c160c3f0b2e249681fa208b857cd6af136184fb2704062a2a90b809c31e88d8f417807682cacf643de575f5e1d42036ea7e03c70c4feef6",
            "directory_permission": "0777",
            "file_permission": "0777",
            "filename": "C:\\tf\\pets7.txt",
            "id": "e7f8c58ba04740aa2b33ec607955c4c3bf2a45ca",
            "sensitive_content": null,
            "source": null
          },
          "sensitive_attributes": [],
          "dependencies": [
            "random_pet.my-pet"
          ],
          "create_before_destroy": true
        },
        {
          "index_key": "C:\\tf\\pets8.txt",
          "schema_version": 0,
          "attributes": {
            "content": "My favorite pet is Mr.distinctly.nicely.partly.distinctly.exotic.mouse",
            "content_base64": null,
            "content_base64sha256": "2J1ST/mcU9QabRGjmOiGv8+yjmpf3XaQsJbNWcAIqU4=",
            "content_base64sha512": "ZyM5ixHFYogMFgw/Cy4kloH6IIuFfNavE2GE+ycEBioqkLgJwx6I2PQXgHaCys9kPeV19eHUIDbqfgPHDE/u9g==",
            "content_md5": "b00969c6198c79a3639084d871f5eca1",
            "content_sha1": "e7f8c58ba04740aa2b33ec607955c4c3bf2a45ca",
            "content_sha256": "d89d524ff99c53d41a6d11a398e886bfcfb28e6a5fdd7690b096cd59c008a94e",
            "content_sha512": "6723398b11c562880c160c3f0b2e249681fa208b857cd6af136184fb2704062a2a90b809c31e88d8f417807682cacf643de575f5e1d42036ea7e03c70c4feef6",
            "directory_permission": "0777",
            "file_permission": "0777",
            "filename": "C:\\tf\\pets8.txt",
            "id": "e7f8c58ba04740aa2b33ec607955c4c3bf2a45ca",
            "sensitive_content": null,
            "source": null
          },
          "sensitive_attributes": [],
          "dependencies": [
            "random_pet.my-pet"
          ],
          "create_before_destroy": true
        },
        {
          "index_key": "C:\\tf\\pets9.txt",
          "schema_version": 0,
          "attributes": {
            "content": "My favorite pet is Mr.distinctly.nicely.partly.distinctly.exotic.mouse",
            "content_base64": null,
            "content_base64sha256": "2J1ST/mcU9QabRGjmOiGv8+yjmpf3XaQsJbNWcAIqU4=",
            "content_base64sha512": "ZyM5ixHFYogMFgw/Cy4kloH6IIuFfNavE2GE+ycEBioqkLgJwx6I2PQXgHaCys9kPeV19eHUIDbqfgPHDE/u9g==",
            "content_md5": "b00969c6198c79a3639084d871f5eca1",
            "content_sha1": "e7f8c58ba04740aa2b33ec607955c4c3bf2a45ca",
            "content_sha256": "d89d524ff99c53d41a6d11a398e886bfcfb28e6a5fdd7690b096cd59c008a94e",
            "content_sha512": "6723398b11c562880c160c3f0b2e249681fa208b857cd6af136184fb2704062a2a90b809c31e88d8f417807682cacf643de575f5e1d42036ea7e03c70c4feef6",
            "directory_permission": "0777",
            "file_permission": "0777",
            "filename": "C:\\tf\\pets9.txt",
            "id": "e7f8c58ba04740aa2b33ec607955c4c3bf2a45ca",
            "sensitive_content": null,
            "source": null
          },
          "sensitive_attributes": [],
          "dependencies": [
            "random_pet.my-pet"
          ],
          "create_before_destroy": true
        }
      ]
    },
    {
      "mode": "managed",
      "type": "local_file",
      "name": "pet1",
      "provider": "provider[\"registry.terraform.io/hashicorp/local\"]",
      "instances": [
        {
          "schema_version": 0,
          "attributes": {
            "content": "My favorite pet is Mrs.legally.literally.severely.loudly.supreme.filly",
            "content_base64": null,
            "content_base64sha256": "ToZ3MQFFIh2lob+ePnAnxQjsHiPC7lOGUETTJSQS0Qc=",
            "content_base64sha512": "s7W43dssgem+hs0KAki4nfr+eFisvkx8MXu5WKVjXoTb2AnJJUxXSIZJHiv0sRc27BsKy0HRRKTrGZC3hKld4Q==",
            "content_md5": "55540cf29396b9c8e49343976cda2647",
            "content_sha1": "53adaa6d02a27eff71a4b1cf33aa650878d8714f",
            "content_sha256": "4e8677310145221da5a1bf9e3e7027c508ec1e23c2ee53865044d3252412d107",
            "content_sha512": "b3b5b8dddb2c81e9be86cd0a0248b89dfafe7858acbe4c7c317bb958a5635e84dbd809c9254c574886491e2bf4b11736ec1b0acb41d144a4eb1990b784a95de1",
            "directory_permission": "0777",
            "file_permission": "0700",
            "filename": "C:\\tf\\pets1.txt",
            "id": "53adaa6d02a27eff71a4b1cf33aa650878d8714f",
            "sensitive_content": null,
            "source": null
          },
          "sensitive_attributes": [],
          "dependencies": [
            "random_pet.my-pet1"
          ],
          "create_before_destroy": true
        }
      ]
    },
    {
      "mode": "managed",
      "type": "random_pet",
      "name": "my-pet",
      "provider": "provider[\"registry.terraform.io/hashicorp/random\"]",
      "instances": [
        {
          "schema_version": 0,
          "attributes": {
            "id": "Mr.distinctly.nicely.partly.distinctly.exotic.mouse",
            "keepers": null,
            "length": 6,
            "prefix": "Mr",
            "separator": "."
          },
          "sensitive_attributes": [],
          "create_before_destroy": true
        }
      ]
    },
    {
      "mode": "managed",
      "type": "random_pet",
      "name": "my-pet1",
      "provider": "provider[\"registry.terraform.io/hashicorp/random\"]",
      "instances": [
        {
          "schema_version": 0,
          "attributes": {
            "id": "Mrs.legally.literally.severely.loudly.supreme.filly",
            "keepers": null,
            "length": 6,
            "prefix": "Mrs",
            "separator": "."
          },
          "sensitive_attributes": [],
          "create_before_destroy": true
        }
      ]
    }
  ],
  "check_results": null
}
